
Microsoft Visual Studio Solution File, Format Version 12.00
# Visual Studio 15
VisualStudioVersion = 15.0.28306.52
MinimumVisualStudioVersion = 10.0.40219.1
Project("{F184B08F-C81C-45F6-A57F-5ABD9991F28F}") = "ExpenseIt", "ExpenseIt\ExpenseIt.vbproj", "{CB27252B-83E2-45E5-BB99-55399D17AA7D}"
EndProject
Global
	GlobalSection(SolutionConfigurationPlatforms) = preSolution
		Debug|Any CPU = Debug|Any CPU
		Release|Any CPU = Release|Any CPU
	EndGlobalSection
	GlobalSection(ProjectConfigurationPlatforms) = postSolution
		{CB27252B-83E2-45E5-BB99-55399D17AA7D}.Debug|Any CPU.ActiveCfg = Debug|Any CPU
		{CB27252B-83E2-45E5-BB99-55399D17AA7D}.Debug|Any CPU.Build.0 = Debug|Any CPU
		{CB27252B-83E2-45E5-BB99-55399D17AA7D}.Release|Any CPU.ActiveCfg = Release|Any CPU
		{CB27252B-83E2-45E5-BB99-55399D17AA7D}.Release|Any CPU.Build.0 = Release|Any CPU
	EndGlobalSection
	GlobalSection(SolutionProperties) = preSolution
		HideSolutionNode = FALSE
	EndGlobalSection
	GlobalSection(ExtensibilityGlobals) = postSolution
		SolutionGuid = {BB3E305A-4294-46A7-8B06-69F78424EF88}
	EndGlobalSection
EndGlobal
